Microsoft Visual Studio Solution File, Format Version 12.00
# Visual Studio Version 17
VisualStudioVersion = 17.5.2.0
MinimumVisualStudioVersion = 10.0.40219.1
Project("{2150E333-8FDC-42A3-9474-1A3956D46DE8}") = "comparative_api", "comparative_api", "{4945A798-C1B8-0520-2ECE-5EADB84FC175}"
EndProject
Project("{FAE04EC0-301F-11D3-BF4B-00C04F79EFBC}") = "PriceScraperApi", "comparative_api\PriceScraperApi\PriceScraperApi.csproj", "{A5A16AED-69BA-187C-5542-BF341421E4D8}"
EndProject
Global
	GlobalSection(SolutionConfigurationPlatforms) = preSolution
		Debug|Any CPU = Debug|Any CPU
		Release|Any CPU = Release|Any CPU
	EndGlobalSection
	GlobalSection(ProjectConfigurationPlatforms) = postSolution
		{A5A16AED-69BA-187C-5542-BF341421E4D8}.Debug|Any CPU.ActiveCfg = Debug|Any CPU
		{A5A16AED-69BA-187C-5542-BF341421E4D8}.Debug|Any CPU.Build.0 = Debug|Any CPU
		{A5A16AED-69BA-187C-5542-BF341421E4D8}.Release|Any CPU.ActiveCfg = Release|Any CPU
		{A5A16AED-69BA-187C-5542-BF341421E4D8}.Release|Any CPU.Build.0 = Release|Any CPU
	EndGlobalSection
	GlobalSection(SolutionProperties) = preSolution
		HideSolutionNode = FALSE
	EndGlobalSection
	GlobalSection(NestedProjects) = preSolution
		{A5A16AED-69BA-187C-5542-BF341421E4D8} = {4945A798-C1B8-0520-2ECE-5EADB84FC175}
	EndGlobalSection
	GlobalSection(ExtensibilityGlobals) = postSolution
		SolutionGuid = {7DEB4FD6-09C5-4E43-B2A9-A40222EEC84F}
	EndGlobalSection
EndGlobal
